{
  "name": "ferdmusic.github.io",
  "version": "1.0.0",
  "lockfileVersion": 3,
  "requires": true,
  "packages": {
    "": {
      "name": "ferdmusic.github.io",
      "version": "1.0.0",
      "devDependencies": {
        "wavesurfer.js": "^7.7.14"
      }
    },
    "node_modules/wavesurfer.js": {
      "version": "7.7.14",
      "resolved": "https://registry.npmjs.org/wavesurfer.js/-/wavesurfer.js-7.7.14.tgz",
      "integrity": "sha512-sbd48yHnOVDEbZwsnD3dWzBj4SF2q2rsPysmPE8spoR2XwKVkU/POtZg/L0wPi6ypqXb7brQLftSeOovJNToPQ==",
      "dev": true
    }
  }
}
